
Microsoft Visual Studio Solution File, Format Version 12.00
# Visual Studio Version 17
VisualStudioVersion = 17.14.36511.14 d17.14
MinimumVisualStudioVersion = 10.0.40219.1
Project("{FAE04EC0-301F-11D3-BF4B-00C04F79EFBC}") = "Canducci.OpenCnpj", "Canducci.OpenCnpj\Canducci.OpenCnpj.csproj", "{CC7007DC-C2FE-42B0-AF93-5CD061103987}"
EndProject
Project("{FAE04EC0-301F-11D3-BF4B-00C04F79EFBC}") = "Canducci.OpenCnpjTest", "Canducci.OpenCnpjTest\Canducci.OpenCnpjTest.csproj", "{06F70BE8-58DF-4D4D-B350-87942D0B2952}"
EndProject
Global
	GlobalSection(SolutionConfigurationPlatforms) = preSolution
		Debug|Any CPU = Debug|Any CPU
		Release|Any CPU = Release|Any CPU
	EndGlobalSection
	GlobalSection(ProjectConfigurationPlatforms) = postSolution
		{CC7007DC-C2FE-42B0-AF93-5CD061103987}.Debug|Any CPU.ActiveCfg = Debug|Any CPU
		{CC7007DC-C2FE-42B0-AF93-5CD061103987}.Debug|Any CPU.Build.0 = Debug|Any CPU
		{CC7007DC-C2FE-42B0-AF93-5CD061103987}.Release|Any CPU.ActiveCfg = Release|Any CPU
		{CC7007DC-C2FE-42B0-AF93-5CD061103987}.Release|Any CPU.Build.0 = Release|Any CPU
		{06F70BE8-58DF-4D4D-B350-87942D0B2952}.Debug|Any CPU.ActiveCfg = Debug|Any CPU
		{06F70BE8-58DF-4D4D-B350-87942D0B2952}.Debug|Any CPU.Build.0 = Debug|Any CPU
		{06F70BE8-58DF-4D4D-B350-87942D0B2952}.Release|Any CPU.ActiveCfg = Release|Any CPU
		{06F70BE8-58DF-4D4D-B350-87942D0B2952}.Release|Any CPU.Build.0 = Release|Any CPU
	EndGlobalSection
	GlobalSection(SolutionProperties) = preSolution
		HideSolutionNode = FALSE
	EndGlobalSection
	GlobalSection(ExtensibilityGlobals) = postSolution
		SolutionGuid = {FDC380E5-4E4E-4ABF-9D11-82AEC434B1E2}
	EndGlobalSection
EndGlobal
